// !$*UTF8*$!
{
	archiveVersion = 1;
	classes = {
	};
	objectVersion = 50;
	objects = {

/* Begin PBXBuildFile section */
		2BA2E37122EC9F7400669D19 /* AppDelegate.swift in Sources */ = {isa = PBXBuildFile; fileRef = 2BA2E37022EC9F7400669D19 /* AppDelegate.swift */; };
		2BA2E37322EC9F7400669D19 /* ViewController.swift in Sources */ = {isa = PBXBuildFile; fileRef = 2BA2E37222EC9F7400669D19 /* ViewController.swift */; };
		2BA2E37622EC9F7400669D19 /* Main.storyboard in Resources */ = {isa = PBXBuildFile; fileRef = 2BA2E37422EC9F7400669D19 /* Main.storyboard */; };
		2BA2E37822EC9F7600669D19 /* Assets.xcassets in Resources */ = {isa = PBXBuildFile; fileRef = 2BA2E37722EC9F7600669D19 /* Assets.xcassets */; };
		2BA2E37B22EC9F7600669D19 /* LaunchScreen.storyboard in Resources */ = {isa = PBXBuildFile; fileRef = 2BA2E37922EC9F7600669D19 /* LaunchScreen.storyboard */; };
		2BA2E39622ECA19300669D19 /* Photo.swift in Sources */ = {isa = PBXBuildFile; fileRef = 2BA2E39522ECA19300669D19 /* Photo.swift */; };
		2BA2E39822ECA28200669D19 /* SearchResponse.swift in Sources */ = {isa = PBXBuildFile; fileRef = 2BA2E39722ECA28200669D19 /* SearchResponse.swift */; };
		2BA2E39A22ECA3B900669D19 /* SearchResponseDeserializationTests.swift in Sources */ = {isa = PBXBuildFile; fileRef = 2BA2E39922ECA3B900669D19 /* SearchResponseDeserializationTests.swift */; };
		2BA2E39C22ECA46800669D19 /* HelperFunctions.swift in Sources */ = {isa = PBXBuildFile; fileRef = 2BA2E39B22ECA46800669D19 /* HelperFunctions.swift */; };
		2BA2E39E22ECA68900669D19 /* HelperFunctionsTests.swift in Sources */ = {isa = PBXBuildFile; fileRef = 2BA2E39D22ECA68900669D19 /* HelperFunctionsTests.swift */; };
		2BA2E39F22ECA8A000669D19 /* FoodImageSearchResponseMock.json in Resources */ = {isa = PBXBuildFile; fileRef = 2BA2E39122ECA10500669D19 /* FoodImageSearchResponseMock.json */; };
/* End PBXBuildFile section */

/* Begin PBXContainerItemProxy section */
		2BA2E38222EC9F7600669D19 /* PBXContainerItemProxy */ = {
			isa = PBXContainerItemProxy;
			containerPortal = 2BA2E36522EC9F7400669D19 /* Project object */;
			proxyType = 1;
			remoteGlobalIDString = 2BA2E36C22EC9F7400669D19;
			remoteInfo = FlickrImageSearch;
		};
/* End PBXContainerItemProxy section */

/* Begin PBXFileReference section */
		2BA2E36D22EC9F7400669D19 /* FlickrImageSearch.app */ = {isa = PBXFileReference; explicitFileType = wrapper.application; includeInIndex = 0; path = FlickrImageSearch.app; sourceTree = BUILT_PRODUCTS_DIR; };
		2BA2E37022EC9F7400669D19 /* AppDelegate.swift */ = {isa = PBXFileReference; lastKnownFileType = sourcecode.swift; path = AppDelegate.swift; sourceTree = "<group>"; };
		2BA2E37222EC9F7400669D19 /* ViewController.swift */ = {isa = PBXFileReference; lastKnownFileType = sourcecode.swift; path = ViewController.swift; sourceTree = "<group>"; };
		2BA2E37522EC9F7400669D19 /* Base */ = {isa = PBXFileReference; lastKnownFileType = file.storyboard; name = Base; path = Base.lproj/Main.storyboard; sourceTree = "<group>"; };
		2BA2E37722EC9F7600669D19 /* Assets.xcassets */ = {isa = PBXFileReference; lastKnownFileType = folder.assetcatalog; path = Assets.xcassets; sourceTree = "<group>"; };
		2BA2E37A22EC9F7600669D19 /* Base */ = {isa = PBXFileReference; lastKnownFileType = file.storyboard; name = Base; path = Base.lproj/LaunchScreen.storyboard; sourceTree = "<group>"; };
		2BA2E37C22EC9F7600669D19 /* Info.plist */ = {isa = PBXFileReference; lastKnownFileType = text.plist.xml; path = Info.plist; sourceTree = "<group>"; };
		2BA2E38122EC9F7600669D19 /* FlickrImageSearchTests.xctest */ = {isa = PBXFileReference; explicitFileType = wrapper.cfbundle; includeInIndex = 0; path = FlickrImageSearchTests.xctest; sourceTree = BUILT_PRODUCTS_DIR; };
		2BA2E38722EC9F7600669D19 /* Info.plist */ = {isa = PBXFileReference; lastKnownFileType = text.plist.xml; path = Info.plist; sourceTree = "<group>"; };
		2BA2E39122ECA10500669D19 /* FoodImageSearchResponseMock.json */ = {isa = PBXFileReference; lastKnownFileType = text.json; path = FoodImageSearchResponseMock.json; sourceTree = "<group>"; };
		2BA2E39522ECA19300669D19 /* Photo.swift */ = {isa = PBXFileReference; lastKnownFileType = sourcecode.swift; path = Photo.swift; sourceTree = "<group>"; };
		2BA2E39722ECA28200669D19 /* SearchResponse.swift */ = {isa = PBXFileReference; lastKnownFileType = sourcecode.swift; path = SearchResponse.swift; sourceTree = "<group>"; };
		2BA2E39922ECA3B900669D19 /* SearchResponseDeserializationTests.swift */ = {isa = PBXFileReference; lastKnownFileType = sourcecode.swift; path = SearchResponseDeserializationTests.swift; sourceTree = "<group>"; };
		2BA2E39B22ECA46800669D19 /* HelperFunctions.swift */ = {isa = PBXFileReference; lastKnownFileType = sourcecode.swift; path = HelperFunctions.swift; sourceTree = "<group>"; };
		2BA2E39D22ECA68900669D19 /* HelperFunctionsTests.swift */ = {isa = PBXFileReference; lastKnownFileType = sourcecode.swift; path = HelperFunctionsTests.swift; sourceTree = "<group>"; };
/* End PBXFileReference section */

/* Begin PBXFrameworksBuildPhase section */
		2BA2E36A22EC9F7400669D19 /* Frameworks */ = {
			isa = PBXFrameworksBuildPhase;
			buildActionMask = 2147483647;
			files = (
			);
			runOnlyForDeploymentPostprocessing = 0;
		};
		2BA2E37E22EC9F7600669D19 /* Frameworks */ = {
			isa = PBXFrameworksBuildPhase;
			buildActionMask = 2147483647;
			files = (
			);
			runOnlyForDeploymentPostprocessing = 0;
		};
/* End PBXFrameworksBuildPhase section */

/* Begin PBXGroup section */
		2BA2E36422EC9F7400669D19 = {
			isa = PBXGroup;
			children = (
				2BA2E36F22EC9F7400669D19 /* FlickrImageSearch */,
				2BA2E38422EC9F7600669D19 /* FlickrImageSearchTests */,
				2BA2E36E22EC9F7400669D19 /* Products */,
			);
			sourceTree = "<group>";
		};
		2BA2E36E22EC9F7400669D19 /* Products */ = {
			isa = PBXGroup;
			children = (
				2BA2E36D22EC9F7400669D19 /* FlickrImageSearch.app */,
				2BA2E38122EC9F7600669D19 /* FlickrImageSearchTests.xctest */,
			);
			name = Products;
			sourceTree = "<group>";
		};
		2BA2E36F22EC9F7400669D19 /* FlickrImageSearch */ = {
			isa = PBXGroup;
			children = (
				2BA2E39322ECA11C00669D19 /* ImageSearchModule */,
				2BA2E37022EC9F7400669D19 /* AppDelegate.swift */,
				2BA2E37222EC9F7400669D19 /* ViewController.swift */,
				2BA2E37422EC9F7400669D19 /* Main.storyboard */,
				2BA2E37722EC9F7600669D19 /* Assets.xcassets */,
				2BA2E37922EC9F7600669D19 /* LaunchScreen.storyboard */,
				2BA2E37C22EC9F7600669D19 /* Info.plist */,
			);
			path = FlickrImageSearch;
			sourceTree = "<group>";
		};
		2BA2E38422EC9F7600669D19 /* FlickrImageSearchTests */ = {
			isa = PBXGroup;
			children = (
				2BA2E39922ECA3B900669D19 /* SearchResponseDeserializationTests.swift */,
				2BA2E39022ECA0DD00669D19 /* Mocks */,
				2BA2E38722EC9F7600669D19 /* Info.plist */,
				2BA2E39B22ECA46800669D19 /* HelperFunctions.swift */,
				2BA2E39D22ECA68900669D19 /* HelperFunctionsTests.swift */,
			);
			path = FlickrImageSearchTests;
			sourceTree = "<group>";
		};
		2BA2E39022ECA0DD00669D19 /* Mocks */ = {
			isa = PBXGroup;
			children = (
				2BA2E39122ECA10500669D19 /* FoodImageSearchResponseMock.json */,
			);
			path = Mocks;
			sourceTree = "<group>";
		};
		2BA2E39322ECA11C00669D19 /* ImageSearchModule */ = {
			isa = PBXGroup;
			children = (
				2BA2E39422ECA12900669D19 /* Entity */,
			);
			path = ImageSearchModule;
			sourceTree = "<group>";
		};
		2BA2E39422ECA12900669D19 /* Entity */ = {
			isa = PBXGroup;
			children = (
				2BA2E39522ECA19300669D19 /* Photo.swift */,
				2BA2E39722ECA28200669D19 /* SearchResponse.swift */,
			);
			path = Entity;
			sourceTree = "<group>";
		};
/* End PBXGroup section */

/* Begin PBXNativeTarget section */
		2BA2E36C22EC9F7400669D19 /* FlickrImageSearch */ = {
			isa = PBXNativeTarget;
			buildConfigurationList = 2BA2E38A22EC9F7600669D19 /* Build configuration list for PBXNativeTarget "FlickrImageSearch" */;
			buildPhases = (
				2BA2E36922EC9F7400669D19 /* Sources */,
				2BA2E36A22EC9F7400669D19 /* Frameworks */,
				2BA2E36B22EC9F7400669D19 /* Resources */,
			);
			buildRules = (
			);
			dependencies = (
			);
			name = FlickrImageSearch;
			productName = FlickrImageSearch;
			productReference = 2BA2E36D22EC9F7400669D19 /* FlickrImageSearch.app */;
			productType = "com.apple.product-type.application";
		};
		2BA2E38022EC9F7600669D19 /* FlickrImageSearchTests */ = {
			isa = PBXNativeTarget;
			buildConfigurationList = 2BA2E38D22EC9F7600669D19 /* Build configuration list for PBXNativeTarget "FlickrImageSearchTests" */;
			buildPhases = (
				2BA2E37D22EC9F7600669D19 /* Sources */,
				2BA2E37E22EC9F7600669D19 /* Frameworks */,
				2BA2E37F22EC9F7600669D19 /* Resources */,
			);
			buildRules = (
			);
			dependencies = (
				2BA2E38322EC9F7600669D19 /* PBXTargetDependency */,
			);
			name = FlickrImageSearchTests;
			productName = FlickrImageSearchTests;
			productReference = 2BA2E38122EC9F7600669D19 /* FlickrImageSearchTests.xctest */;
			productType = "com.apple.product-type.bundle.unit-test";
		};
/* End PBXNativeTarget section */

/* Begin PBXProject section */
		2BA2E36522EC9F7400669D19 /* Project object */ = {
			isa = PBXProject;
			attributes = {
				LastSwiftUpdateCheck = 1030;
				LastUpgradeCheck = 1030;
				ORGANIZATIONNAME = "Vandan Patel";
				TargetAttributes = {
					2BA2E36C22EC9F7400669D19 = {
						CreatedOnToolsVersion = 10.3;
					};
					2BA2E38022EC9F7600669D19 = {
						CreatedOnToolsVersion = 10.3;
						LastSwiftMigration = 1030;
						TestTargetID = 2BA2E36C22EC9F7400669D19;
					};
				};
			};
			buildConfigurationList = 2BA2E36822EC9F7400669D19 /* Build configuration list for PBXProject "FlickrImageSearch" */;
			compatibilityVersion = "Xcode 9.3";
			developmentRegion = en;
			hasScannedForEncodings = 0;
			knownRegions = (
				en,
				Base,
			);
			mainGroup = 2BA2E36422EC9F7400669D19;
			productRefGroup = 2BA2E36E22EC9F7400669D19 /* Products */;
			projectDirPath = "";
			projectRoot = "";
			targets = (
				2BA2E36C22EC9F7400669D19 /* FlickrImageSearch */,
				2BA2E38022EC9F7600669D19 /* FlickrImageSearchTests */,
			);
		};
/* End PBXProject section */

/* Begin PBXResourcesBuildPhase section */
		2BA2E36B22EC9F7400669D19 /* Resources */ = {
			isa = PBXResourcesBuildPhase;
			buildActionMask = 2147483647;
			files = (
				2BA2E39F22ECA8A000669D19 /* FoodImageSearchResponseMock.json in Resources */,
				2BA2E37B22EC9F7600669D19 /* LaunchScreen.storyboard in Resources */,
				2BA2E37822EC9F7600669D19 /* Assets.xcassets in Resources */,
				2BA2E37622EC9F7400669D19 /* Main.storyboard in Resources */,
			);
			runOnlyForDeploymentPostprocessing = 0;
		};
		2BA2E37F22EC9F7600669D19 /* Resources */ = {
			isa = PBXResourcesBuildPhase;
			buildActionMask = 2147483647;
			files = (
			);
			runOnlyForDeploymentPostprocessing = 0;
		};
/* End PBXResourcesBuildPhase section */

/* Begin PBXSourcesBuildPhase section */
		2BA2E36922EC9F7400669D19 /* Sources */ = {
			isa = PBXSourcesBuildPhase;
			buildActionMask = 2147483647;
			files = (
				2BA2E39822ECA28200669D19 /* SearchResponse.swift in Sources */,
				2BA2E39622ECA19300669D19 /* Photo.swift in Sources */,
				2BA2E37322EC9F7400669D19 /* ViewController.swift in Sources */,
				2BA2E37122EC9F7400669D19 /* AppDelegate.swift in Sources */,
			);
			runOnlyForDeploymentPostprocessing = 0;
		};
		2BA2E37D22EC9F7600669D19 /* Sources */ = {
			isa = PBXSourcesBuildPhase;
			buildActionMask = 2147483647;
			files = (
				2BA2E39A22ECA3B900669D19 /* SearchResponseDeserializationTests.swift in Sources */,
				2BA2E39E22ECA68900669D19 /* HelperFunctionsTests.swift in Sources */,
				2BA2E39C22ECA46800669D19 /* HelperFunctions.swift in Sources */,
			);
			runOnlyForDeploymentPostprocessing = 0;
		};
/* End PBXSourcesBuildPhase section */

/* Begin PBXTargetDependency section */
		2BA2E38322EC9F7600669D19 /* PBXTargetDependency */ = {
			isa = PBXTargetDependency;
			target = 2BA2E36C22EC9F7400669D19 /* FlickrImageSearch */;
			targetProxy = 2BA2E38222EC9F7600669D19 /* PBXContainerItemProxy */;
		};
/* End PBXTargetDependency section */

/* Begin PBXVariantGroup section */
		2BA2E37422EC9F7400669D19 /* Main.storyboard */ = {
			isa = PBXVariantGroup;
			children = (
				2BA2E37522EC9F7400669D19 /* Base */,
			);
			name = Main.storyboard;
			sourceTree = "<group>";
		};
		2BA2E37922EC9F7600669D19 /* LaunchScreen.storyboard */ = {
			isa = PBXVariantGroup;
			children = (
				2BA2E37A22EC9F7600669D19 /* Base */,
			);
			name = LaunchScreen.storyboard;
			sourceTree = "<group>";
		};
/* End PBXVariantGroup section */

/* Begin XCBuildConfiguration section */
		2BA2E38822EC9F7600669D19 /* Debug */ = {
			isa = XCBuildConfiguration;
			buildSettings = {
				ALWAYS_SEARCH_USER_PATHS = NO;
				CLANG_ANALYZER_NONNULL = YES;
				CLANG_ANALYZER_NUMBER_OBJECT_CONVERSION = YES_AGGRESSIVE;
				CLANG_CXX_LANGUAGE_STANDARD = "gnu++14";
				CLANG_CXX_LIBRARY = "libc++";
				CLANG_ENABLE_MODULES = YES;
				CLANG_ENABLE_OBJC_ARC = YES;
				CLANG_ENABLE_OBJC_WEAK = YES;
				CLANG_WARN_BLOCK_CAPTURE_AUTORELEASING = YES;
				CLANG_WARN_BOOL_CONVERSION = YES;
				CLANG_WARN_COMMA = YES;
				CLANG_WARN_CONSTANT_CONVERSION = YES;
				CLANG_WARN_DEPRECATED_OBJC_IMPLEMENTATIONS = YES;
				CLANG_WARN_DIRECT_OBJC_ISA_USAGE = YES_ERROR;
				CLANG_WARN_DOCUMENTATION_COMMENTS = YES;
				CLANG_WARN_EMPTY_BODY = YES;
				CLANG_WARN_ENUM_CONVERSION = YES;
				CLANG_WARN_INFINITE_RECURSION = YES;
				CLANG_WARN_INT_CONVERSION = YES;
				CLANG_WARN_NON_LITERAL_NULL_CONVERSION = YES;
				CLANG_WARN_OBJC_IMPLICIT_RETAIN_SELF = YES;
				CLANG_WARN_OBJC_LITERAL_CONVERSION = YES;
				CLANG_WARN_OBJC_ROOT_CLASS = YES_ERROR;
				CLANG_WARN_RANGE_LOOP_ANALYSIS = YES;
				CLANG_WARN_STRICT_PROTOTYPES = YES;
				CLANG_WARN_SUSPICIOUS_MOVE = YES;
				CLANG_WARN_UNGUARDED_AVAILABILITY = YES_AGGRESSIVE;
				CLANG_WARN_UNREACHABLE_CODE = YES;
				CLANG_WARN__DUPLICATE_METHOD_MATCH = YES;
				CODE_SIGN_IDENTITY = "iPhone Developer";
				COPY_PHASE_STRIP = NO;
				DEBUG_INFORMATION_FORMAT = dwarf;
				ENABLE_STRICT_OBJC_MSGSEND = YES;
				ENABLE_TESTABILITY = YES;
				GCC_C_LANGUAGE_STANDARD = gnu11;
				GCC_DYNAMIC_NO_PIC = NO;
				GCC_NO_COMMON_BLOCKS = YES;
				GCC_OPTIMIZATION_LEVEL = 0;
				GCC_PREPROCESSOR_DEFINITIONS = (
					"DEBUG=1",
					"$(inherited)",
				);
				GCC_WARN_64_TO_32_BIT_CONVERSION = YES;
				GCC_WARN_ABOUT_RETURN_TYPE = YES_ERROR;
				GCC_WARN_UNDECLARED_SELECTOR = YES;
				GCC_WARN_UNINITIALIZED_AUTOS = YES_AGGRESSIVE;
				GCC_WARN_UNUSED_FUNCTION = YES;
				GCC_WARN_UNUSED_VARIABLE = YES;
				IPHONEOS_DEPLOYMENT_TARGET = 12.4;
				MTL_ENABLE_DEBUG_INFO = INCLUDE_SOURCE;
				MTL_FAST_MATH = YES;
				ONLY_ACTIVE_ARCH = YES;
				SDKROOT = iphoneos;
				SWIFT_ACTIVE_COMPILATION_CONDITIONS = DEBUG;
				SWIFT_OPTIMIZATION_LEVEL = "-Onone";
			};
			name = Debug;
		};
		2BA2E38922EC9F7600669D19 /* Release */ = {
			isa = XCBuildConfiguration;
			buildSettings = {
				ALWAYS_SEARCH_USER_PATHS = NO;
				CLANG_ANALYZER_NONNULL = YES;
				CLANG_ANALYZER_NUMBER_OBJECT_CONVERSION = YES_AGGRESSIVE;
				CLANG_CXX_LANGUAGE_STANDARD = "gnu++14";
				CLANG_CXX_LIBRARY = "libc++";
				CLANG_ENABLE_MODULES = YES;
				CLANG_ENABLE_OBJC_ARC = YES;
				CLANG_ENABLE_OBJC_WEAK = YES;
				CLANG_WARN_BLOCK_CAPTURE_AUTORELEASING = YES;
				CLANG_WARN_BOOL_CONVERSION = YES;
				CLANG_WARN_COMMA = YES;
				CLANG_WARN_CONSTANT_CONVERSION = YES;
				CLANG_WARN_DEPRECATED_OBJC_IMPLEMENTATIONS = YES;
				CLANG_WARN_DIRECT_OBJC_ISA_USAGE = YES_ERROR;
				CLANG_WARN_DOCUMENTATION_COMMENTS = YES;
				CLANG_WARN_EMPTY_BODY = YES;
				CLANG_WARN_ENUM_CONVERSION = YES;
				CLANG_WARN_INFINITE_RECURSION = YES;
				CLANG_WARN_INT_CONVERSION = YES;
				CLANG_WARN_NON_LITERAL_NULL_CONVERSION = YES;
				CLANG_WARN_OBJC_IMPLICIT_RETAIN_SELF = YES;
				CLANG_WARN_OBJC_LITERAL_CONVERSION = YES;
				CLANG_WARN_OBJC_ROOT_CLASS = YES_ERROR;
				CLANG_WARN_RANGE_LOOP_ANALYSIS = YES;
				CLANG_WARN_STRICT_PROTOTYPES = YES;
				CLANG_WARN_SUSPICIOUS_MOVE = YES;
				CLANG_WARN_UNGUARDED_AVAILABILITY = YES_AGGRESSIVE;
				CLANG_WARN_UNREACHABLE_CODE = YES;
				CLANG_WARN__DUPLICATE_METHOD_MATCH = YES;
				CODE_SIGN_IDENTITY = "iPhone Developer";
				COPY_PHASE_STRIP = NO;
				DEBUG_INFORMATION_FORMAT = "dwarf-with-dsym";
				ENABLE_NS_ASSERTIONS = NO;
				ENABLE_STRICT_OBJC_MSGSEND = YES;
				GCC_C_LANGUAGE_STANDARD = gnu11;
				GCC_NO_COMMON_BLOCKS = YES;
				GCC_WARN_64_TO_32_BIT_CONVERSION = YES;
				GCC_WARN_ABOUT_RETURN_TYPE = YES_ERROR;
				GCC_WARN_UNDECLARED_SELECTOR = YES;
				GCC_WARN_UNINITIALIZED_AUTOS = YES_AGGRESSIVE;
				GCC_WARN_UNUSED_FUNCTION = YES;
				GCC_WARN_UNUSED_VARIABLE = YES;
				IPHONEOS_DEPLOYMENT_TARGET = 12.4;
				MTL_ENABLE_DEBUG_INFO = NO;
				MTL_FAST_MATH = YES;
				SDKROOT = iphoneos;
				SWIFT_COMPILATION_MODE = wholemodule;
				SWIFT_OPTIMIZATION_LEVEL = "-O";
				VALIDATE_PRODUCT = YES;
			};
			name = Release;
		};
		2BA2E38B22EC9F7600669D19 /* Debug */ = {
			isa = XCBuildConfiguration;
			buildSettings = {
				ASSETCATALOG_COMPILER_APPICON_NAME = AppIcon;
				CODE_SIGN_STYLE = Automatic;
				DEVELOPMENT_TEAM = EHKQGN5358;
				INFOPLIST_FILE = FlickrImageSearch/Info.plist;
				LD_RUNPATH_SEARCH_PATHS = (
					"$(inherited)",
					"@executable_path/Frameworks",
				);
				PRODUCT_BUNDLE_IDENTIFIER = com.vandanpatel.FlickrImageSearch;
				PRODUCT_NAME = "$(TARGET_NAME)";
				SWIFT_VERSION = 5.0;
				TARGETED_DEVICE_FAMILY = "1,2";
			};
			name = Debug;
		};
		2BA2E38C22EC9F7600669D19 /* Release */ = {
			isa = XCBuildConfiguration;
			buildSettings = {
				ASSETCATALOG_COMPILER_APPICON_NAME = AppIcon;
				CODE_SIGN_STYLE = Automatic;
				DEVELOPMENT_TEAM = EHKQGN5358;
				INFOPLIST_FILE = FlickrImageSearch/Info.plist;
				LD_RUNPATH_SEARCH_PATHS = (
					"$(inherited)",
					"@executable_path/Frameworks",
				);
				PRODUCT_BUNDLE_IDENTIFIER = com.vandanpatel.FlickrImageSearch;
				PRODUCT_NAME = "$(TARGET_NAME)";
				SWIFT_VERSION = 5.0;
				TARGETED_DEVICE_FAMILY = "1,2";
			};
			name = Release;
		};
		2BA2E38E22EC9F7600669D19 /* Debug */ = {
			isa = XCBuildConfiguration;
			buildSettings = {
				ALWAYS_EMBED_SWIFT_STANDARD_LIBRARIES = YES;
				BUNDLE_LOADER = "$(TEST_HOST)";
				CLANG_ENABLE_MODULES = YES;
				CODE_SIGN_STYLE = Automatic;
				DEVELOPMENT_TEAM = EHKQGN5358;
				INFOPLIST_FILE = FlickrImageSearchTests/Info.plist;
				LD_RUNPATH_SEARCH_PATHS = (
					"$(inherited)",
					"@executable_path/Frameworks",
					"@loader_path/Frameworks",
				);
				PRODUCT_BUNDLE_IDENTIFIER = com.vandanpatel.FlickrImageSearchTests;
				PRODUCT_NAME = "$(TARGET_NAME)";
				SWIFT_OPTIMIZATION_LEVEL = "-Onone";
				SWIFT_VERSION = 5.0;
				TARGETED_DEVICE_FAMILY = "1,2";
				TEST_HOST = "$(BUILT_PRODUCTS_DIR)/FlickrImageSearch.app/FlickrImageSearch";
			};
			name = Debug;
		};
		2BA2E38F22EC9F7600669D19 /* Release */ = {
			isa = XCBuildConfiguration;
			buildSettings = {
				ALWAYS_EMBED_SWIFT_STANDARD_LIBRARIES = YES;
				BUNDLE_LOADER = "$(TEST_HOST)";
				CLANG_ENABLE_MODULES = YES;
				CODE_SIGN_STYLE = Automatic;
				DEVELOPMENT_TEAM = EHKQGN5358;
				INFOPLIST_FILE = FlickrImageSearchTests/Info.plist;
				LD_RUNPATH_SEARCH_PATHS = (
					"$(inherited)",
					"@executable_path/Frameworks",
					"@loader_path/Frameworks",
				);
				PRODUCT_BUNDLE_IDENTIFIER = com.vandanpatel.FlickrImageSearchTests;
				PRODUCT_NAME = "$(TARGET_NAME)";
				SWIFT_VERSION = 5.0;
				TARGETED_DEVICE_FAMILY = "1,2";
				TEST_HOST = "$(BUILT_PRODUCTS_DIR)/FlickrImageSearch.app/FlickrImageSearch";
			};
			name = Release;
		};
/* End XCBuildConfiguration section */

/* Begin XCConfigurationList section */
		2BA2E36822EC9F7400669D19 /* Build configuration list for PBXProject "FlickrImageSearch" */ = {
			isa = XCConfigurationList;
			buildConfigurations = (
				2BA2E38822EC9F7600669D19 /* Debug */,
				2BA2E38922EC9F7600669D19 /* Release */,
			);
			defaultConfigurationIsVisible = 0;
			defaultConfigurationName = Release;
		};
		2BA2E38A22EC9F7600669D19 /* Build configuration list for PBXNativeTarget "FlickrImageSearch" */ = {
			isa = XCConfigurationList;
			buildConfigurations = (
				2BA2E38B22EC9F7600669D19 /* Debug */,
				2BA2E38C22EC9F7600669D19 /* Release */,
			);
			defaultConfigurationIsVisible = 0;
			defaultConfigurationName = Release;
		};
		2BA2E38D22EC9F7600669D19 /* Build configuration list for PBXNativeTarget "FlickrImageSearchTests" */ = {
			isa = XCConfigurationList;
			buildConfigurations = (
				2BA2E38E22EC9F7600669D19 /* Debug */,
				2BA2E38F22EC9F7600669D19 /* Release */,
			);
			defaultConfigurationIsVisible = 0;
			defaultConfigurationName = Release;
		};
/* End XCConfigurationList section */
	};
	rootObject = 2BA2E36522EC9F7400669D19 /* Project object */;
}
